# This file is automatically @generated by Cargo.
# It is not intended for manual editing.
version = 4

[[package]]
name = "flux-cli"
version = "0.1.0"
dependencies = [
 "flux-core",
 "flux-db",
]

[[package]]
name = "flux-core"
version = "0.1.0"

[[package]]
name = "flux-db"
version = "0.1.0"
dependencies = [
 "flux-core",
 "flux-schema",
]

[[package]]
name = "flux-io"
version = "0.1.0"
dependencies = [
 "flux-core",
 "flux-schema",
]

[[package]]
name = "flux-loadgen"
version = "0.1.0"
dependencies = [
 "flux-core",
 "flux-io",
]

[[package]]
name = "flux-schema"
version = "0.1.0"

[[package]]
name = "flux-service"
version = "0.1.0"
dependencies = [
 "flux-core",
 "flux-db",
 "flux-io",
 "flux-schema",
]
